<?xml version="1.0" encoding="utf-8"?>
<Project ToolsVersion="4.0" xmlns="http://schemas.microsoft.com/developer/msbuild/2003">
  <ItemGroup>
    <Filter Include="Source Files">
      <UniqueIdentifier>{4FC737F1-C7A5-4376-A066-2A32D752A2FF}</UniqueIdentifier>
      <Extensions>cpp;c;cc;cxx;c++;cppm;ixx;def;odl;idl;hpj;bat;asm;asmx</Extensions>
    </Filter>
    <Filter Include="Header Files">
      <UniqueIdentifier>{93995380-89BD-4b04-88EB-625FBE52EBFB}</UniqueIdentifier>
      <Extensions>h;hh;hpp;hxx;h++;hm;inl;inc;ipp;xsd</Extensions>
    </Filter>
    <Filter Include="Header Files\Stores">
      <UniqueIdentifier>{894a6eff-d210-4967-a19d-3145f2990a36}</UniqueIdentifier>
    </Filter>
  </ItemGroup>
  <ItemGroup>
    <ClInclude Include="Data.Game.Common.h">
      <Filter>Header Files</Filter>
    </ClInclude>
    <ClInclude Include="Data.Game.World.h">
      <Filter>Header Files</Filter>
    </ClInclude>
    <ClInclude Include="Data.JSON.Store.h">
      <Filter>Header Files\Stores</Filter>
    </ClInclude>
    <ClInclude Include="Data.SQLite.Store.h">
      <Filter>Header Files\Stores</Filter>
    </ClInclude>
  </ItemGroup>
  <ItemGroup>
    <ClCompile Include="Data.Game.Common.cpp">
      <Filter>Source Files</Filter>
    </ClCompile>
    <ClCompile Include="Data.Game.World.cpp">
      <Filter>Source Files</Filter>
    </ClCompile>
  </ItemGroup>
</Project>